{
  "version": "4",
  "specifiers": {
    "jsr:@supabase/functions-js@*": "2.4.4",
    "npm:quickjs-emscripten@*": "0.31.0"
  },
  "jsr": {
    "@supabase/functions-js@2.4.4": {
      "integrity": "38456509a6e22fb116b118464cbb36357256f9048d3580632b63af91f63769f7"
    }
  },
  "npm": {
    "@jitl/quickjs-ffi-types@0.31.0": {
      "integrity": "sha512-1yrgvXlmXH2oNj3eFTrkwacGJbmM0crwipA3ohCrjv52gBeDaD7PsTvFYinlAnqU8iPME3LGP437yk05a2oejw=="
    },
    "@jitl/quickjs-wasmfile-debug-asyncify@0.31.0": {
      "integrity": "sha512-YkdzQdr1uaftFhgEnTRjTTZHk2SFZdpWO7XhOmRVbi6CEVsH9g5oNF8Ta1q3OuSJHRwwT8YsuR1YzEiEIJEk6w==",
      "dependencies": [
        "@jitl/quickjs-ffi-types"
      ]
    },
    "@jitl/quickjs-wasmfile-debug-sync@0.31.0": {
      "integrity": "sha512-8XvloaaWBONqcHXYs5tWOjdhQVxzULilIfB2hvZfS6S+fI4m2+lFiwQy7xeP8ExHmiZ7D8gZGChNkdLgjGfknw==",
      "dependencies": [
        "@jitl/quickjs-ffi-types"
      ]
    },
    "@jitl/quickjs-wasmfile-release-asyncify@0.31.0": {
      "integrity": "sha512-uz0BbQYTxNsFkvkurd7vk2dOg57ElTBLCuvNtRl4rgrtbC++NIndD5qv2+AXb6yXDD3Uy1O2PCwmoaH0eXgEOg==",
      "dependencies": [
        "@jitl/quickjs-ffi-types"
      ]
    },
    "@jitl/quickjs-wasmfile-release-sync@0.31.0": {
      "integrity": "sha512-hYduecOByj9AsAfsJhZh5nA6exokmuFC8cls39+lYmTCGY51bgjJJJwReEu7Ff7vBWaQCL6TeDdVlnp2WYz0jw==",
      "dependencies": [
        "@jitl/quickjs-ffi-types"
      ]
    },
    "quickjs-emscripten-core@0.31.0": {
      "integrity": "sha512-oQz8p0SiKDBc1TC7ZBK2fr0GoSHZKA0jZIeXxsnCyCs4y32FStzCW4d1h6E1sE0uHDMbGITbk2zhNaytaoJwXQ==",
      "dependencies": [
        "@jitl/quickjs-ffi-types"
      ]
    },
    "quickjs-emscripten@0.31.0": {
      "integrity": "sha512-K7Yt78aRPLjPcqv3fIuLW1jW3pvwO21B9pmFOolsjM/57ZhdVXBr51GqJpalgBlkPu9foAvhEAuuQPnvIGvLvQ==",
      "dependencies": [
        "@jitl/quickjs-wasmfile-debug-asyncify",
        "@jitl/quickjs-wasmfile-debug-sync",
        "@jitl/quickjs-wasmfile-release-asyncify",
        "@jitl/quickjs-wasmfile-release-sync",
        "quickjs-emscripten-core"
      ]
    }
  },
  "remote": {
    "https://deno.land/std@0.201.0/async/delay.ts": "a6142eb44cdd856b645086af2b811b1fcce08ec06bb7d50969e6a872ee9b8659",
    "https://deno.land/std@0.201.0/http/server.ts": "1b2403b3c544c0624ad23e8ca4e05877e65380d9e0d75d04957432d65c3d5f41",
    "https://deno.land/x/dotenv@v3.2.2/mod.ts": "077b48773de9205266a0b44c3c3a3c3083449ed64bb0b6cc461b95720678d38e",
    "https://deno.land/x/dotenv@v3.2.2/util.ts": "693730877b13f8ead2b79b2aa31e2a0652862f7dc0c5f6d2f313f4d39c7b7670"
  }
}
